{
  "lockfile_version": "1",
  "packages": {
    "ffmpeg@latest": {
      "last_modified": "2025-03-11T15:50:42Z",
      "resolved": "github:NixOS/nixpkgs/b62d2a95c72fb068aecd374a7262b37ed92df82b#ffmpeg",
      "source": "devbox-search",
      "version": "7.1",
      "systems": {
        "aarch64-darwin": {
          "outputs": [
            {
              "name": "bin",
              "path": "/nix/store/80rvrk1x80qz81pb0wssszi495xdvamx-ffmpeg-7.1-bin",
              "default": true
            },
            {
              "name": "man",
              "path": "/nix/store/3gqs5b62nhxdzdkpzg6i3r1zh9fcvv1d-ffmpeg-7.1-man",
              "default": true
            },
            {
              "name": "out",
              "path": "/nix/store/p4v0bb11mb8vbcw2l5pdcbsxjndj30mr-ffmpeg-7.1"
            },
            {
              "name": "data",
              "path": "/nix/store/6cz5yc5dkayqb5x58sq6a564j6qiimqy-ffmpeg-7.1-data"
            },
            {
              "name": "dev",
              "path": "/nix/store/ai3apw5pv214sdnk4w8d59219x10wdya-ffmpeg-7.1-dev"
            },
            {
              "name": "doc",
              "path": "/nix/store/m1nr5l199r1s9cbchlsqjm3rq779al88-ffmpeg-7.1-doc"
            },
            {
              "name": "lib",
              "path": "/nix/store/xxv29cmh3k2084bv6fxhl6b9q7hwxdb0-ffmpeg-7.1-lib"
            }
          ],
          "store_path": "/nix/store/80rvrk1x80qz81pb0wssszi495xdvamx-ffmpeg-7.1-bin"
        },
        "aarch64-linux": {
          "outputs": [
            {
              "name": "bin",
              "path": "/nix/store/ya5h1bxdpgvmm3v3h5fak5l20fxs8amf-ffmpeg-7.1-bin",
              "default": true
            },
            {
              "name": "man",
              "path": "/nix/store/3yqscxqkf8y0my42wzjf6sys08fvl5ql-ffmpeg-7.1-man",
              "default": true
            },
            {
              "name": "out",
              "path": "/nix/store/4ghx70f6sg13clpwh5nw5z32mp0v0j8f-ffmpeg-7.1"
            },
            {
              "name": "data",
              "path": "/nix/store/9ny4d8fsvvl5y8v7zfz1jj9cqwvpwllj-ffmpeg-7.1-data"
            },
            {
              "name": "dev",
              "path": "/nix/store/a55mj8fqmkv1m1bfbvw0cqny4cmdp4lk-ffmpeg-7.1-dev"
            },
            {
              "name": "doc",
              "path": "/nix/store/pwrcacxyl05vlwddidzagdprlf2ggnri-ffmpeg-7.1-doc"
            },
            {
              "name": "lib",
              "path": "/nix/store/ia1crrvwsg4p07k37nawrr3vsa2i90ra-ffmpeg-7.1-lib"
            }
          ],
          "store_path": "/nix/store/ya5h1bxdpgvmm3v3h5fak5l20fxs8amf-ffmpeg-7.1-bin"
        },
        "x86_64-darwin": {
          "outputs": [
            {
              "name": "bin",
              "path": "/nix/store/q0y4kbxf97y0d1n4v86pacwb74dywqql-ffmpeg-7.1-bin",
              "default": true
            },
            {
              "name": "man",
              "path": "/nix/store/k2n0ryhvrqcl2x72p5679f22nx3ygksi-ffmpeg-7.1-man",
              "default": true
            },
            {
              "name": "lib",
              "path": "/nix/store/s7plx2fh3jiqcdv391009jxqvs9bncws-ffmpeg-7.1-lib"
            },
            {
              "name": "out",
              "path": "/nix/store/c9bnckn8c556gw0gbjxh9hn3jkdqahv0-ffmpeg-7.1"
            },
            {
              "name": "data",
              "path": "/nix/store/9lyhy7qad7742wzyrymffs7jdvcgh37q-ffmpeg-7.1-data"
            },
            {
              "name": "dev",
              "path": "/nix/store/ydvd2qv6l39fnhjasb0hxfspp3cbvpny-ffmpeg-7.1-dev"
            },
            {
              "name": "doc",
              "path": "/nix/store/ax8c4am0nilvq1118jc190awl6zazw9s-ffmpeg-7.1-doc"
            }
          ],
          "store_path": "/nix/store/q0y4kbxf97y0d1n4v86pacwb74dywqql-ffmpeg-7.1-bin"
        },
        "x86_64-linux": {
          "outputs": [
            {
              "name": "bin",
              "path": "/nix/store/yy8kkfkx8rw7laai3x9lx4bs8zacrx9s-ffmpeg-7.1-bin",
              "default": true
            },
            {
              "name": "man",
              "path": "/nix/store/k1l962mxgbdfc0l2xa1qxf1md3cs54yy-ffmpeg-7.1-man",
              "default": true
            },
            {
              "name": "out",
              "path": "/nix/store/gcasrr147f2z9y1pxjvk8v77p75psy0k-ffmpeg-7.1"
            },
            {
              "name": "data",
              "path": "/nix/store/7zaanchipp7n92xwn6isbwp0rdkw1jbx-ffmpeg-7.1-data"
            },
            {
              "name": "dev",
              "path": "/nix/store/cndh09igl389wg8kbcdwgdvfdnbas2hs-ffmpeg-7.1-dev"
            },
            {
              "name": "doc",
              "path": "/nix/store/rhr3iwbnimvxk7zmgy6f2xdaa28m0a9x-ffmpeg-7.1-doc"
            },
            {
              "name": "lib",
              "path": "/nix/store/swiahyqsjvk2s87f6awpwiz0m2j3rjx9-ffmpeg-7.1-lib"
            }
          ],
          "store_path": "/nix/store/yy8kkfkx8rw7laai3x9lx4bs8zacrx9s-ffmpeg-7.1-bin"
        }
      }
    },
    "github:NixOS/nixpkgs/nixpkgs-unstable": {
      "resolved": "github:NixOS/nixpkgs/096478927c360bc18ea80c8274f013709cf7bdcd?lastModified=1742206328&narHash=sha256-q%2BAQ%2F%2F%2FoMnyyFzzF4H9ShSRENt3Zsx37jTiRkLkXXE0%3D"
    },
    "go@latest": {
      "last_modified": "2025-03-11T17:52:14Z",
      "resolved": "github:NixOS/nixpkgs/0d534853a55b5d02a4ababa1d71921ce8f0aee4c#go",
      "source": "devbox-search",
      "version": "1.24.1",
      "systems": {
        "aarch64-darwin": {
          "outputs": [
            {
              "name": "out",
              "path": "/nix/store/ja4jxx60lh1qfqfl4z4p2rff56ia1c3c-go-1.24.1",
              "default": true
            }
          ],
          "store_path": "/nix/store/ja4jxx60lh1qfqfl4z4p2rff56ia1c3c-go-1.24.1"
        },
        "aarch64-linux": {
          "outputs": [
            {
              "name": "out",
              "path": "/nix/store/8ply43gnxk1xwichr81mpgbjcd9a1y5w-go-1.24.1",
              "default": true
            }
          ],
          "store_path": "/nix/store/8ply43gnxk1xwichr81mpgbjcd9a1y5w-go-1.24.1"
        },
        "x86_64-darwin": {
          "outputs": [
            {
              "name": "out",
              "path": "/nix/store/87yxrfx5lh78bdz393i33cr5z23x06q4-go-1.24.1",
              "default": true
            }
          ],
          "store_path": "/nix/store/87yxrfx5lh78bdz393i33cr5z23x06q4-go-1.24.1"
        },
        "x86_64-linux": {
          "outputs": [
            {
              "name": "out",
              "path": "/nix/store/cfjhl0kn7xc65466pha9fkrvigw3g72n-go-1.24.1",
              "default": true
            }
          ],
          "store_path": "/nix/store/cfjhl0kn7xc65466pha9fkrvigw3g72n-go-1.24.1"
        }
      }
    }
  }
}
